
Microsoft Visual Studio Solution File, Format Version 12.00
# Visual Studio Version 17
VisualStudioVersion = 17.2.32616.157
MinimumVisualStudioVersion = 10.0.40219.1
Project("{FAE04EC0-301F-11D3-BF4B-00C04F79EFBC}") = "HelloFunctions", "HelloFunctions\HelloFunctions.csproj", "{4A7D5D0F-84FE-49B3-919E-98AB85C58C18}"
EndProject
Project("{FAE04EC0-301F-11D3-BF4B-00C04F79EFBC}") = "IncrementCounter", "IncrementCounter\IncrementCounter.csproj", "{A5F25047-7FEE-48B2-8C5B-4504E571F545}"
EndProject
Global
	GlobalSection(SolutionConfigurationPlatforms) = preSolution
		Debug|Any CPU = Debug|Any CPU
		Release|Any CPU = Release|Any CPU
	EndGlobalSection
	GlobalSection(ProjectConfigurationPlatforms) = postSolution
		{4A7D5D0F-84FE-49B3-919E-98AB85C58C18}.Debug|Any CPU.ActiveCfg = Debug|Any CPU
		{4A7D5D0F-84FE-49B3-919E-98AB85C58C18}.Debug|Any CPU.Build.0 = Debug|Any CPU
		{4A7D5D0F-84FE-49B3-919E-98AB85C58C18}.Release|Any CPU.ActiveCfg = Release|Any CPU
		{4A7D5D0F-84FE-49B3-919E-98AB85C58C18}.Release|Any CPU.Build.0 = Release|Any CPU
		{A5F25047-7FEE-48B2-8C5B-4504E571F545}.Debug|Any CPU.ActiveCfg = Debug|Any CPU
		{A5F25047-7FEE-48B2-8C5B-4504E571F545}.Debug|Any CPU.Build.0 = Debug|Any CPU
		{A5F25047-7FEE-48B2-8C5B-4504E571F545}.Release|Any CPU.ActiveCfg = Release|Any CPU
		{A5F25047-7FEE-48B2-8C5B-4504E571F545}.Release|Any CPU.Build.0 = Release|Any CPU
	EndGlobalSection
	GlobalSection(SolutionProperties) = preSolution
		HideSolutionNode = FALSE
	EndGlobalSection
	GlobalSection(ExtensibilityGlobals) = postSolution
		SolutionGuid = {3ABB6067-B8BA-4D71-BA85-93A1484C6744}
	EndGlobalSection
EndGlobal
